
Microsoft Visual Studio Solution File, Format Version 12.00
# Visual Studio 15
VisualStudioVersion = 15.0.28307.168
MinimumVisualStudioVersion = 10.0.40219.1
Project("{888888A0-9F3D-457C-B088-3A5042F75D52}") = "LTD_sim", "LTD_sim.pyproj", "{8E1AF4A0-1473-401A-940C-B0A4B969B64B}"
EndProject
Global
	GlobalSection(SolutionConfigurationPlatforms) = preSolution
		Debug|Any CPU = Debug|Any CPU
		Release|Any CPU = Release|Any CPU
	EndGlobalSection
	GlobalSection(ProjectConfigurationPlatforms) = postSolution
		{8E1AF4A0-1473-401A-940C-B0A4B969B64B}.Debug|Any CPU.ActiveCfg = Debug|Any CPU
		{8E1AF4A0-1473-401A-940C-B0A4B969B64B}.Release|Any CPU.ActiveCfg = Release|Any CPU
	EndGlobalSection
	GlobalSection(SolutionProperties) = preSolution
		HideSolutionNode = FALSE
	EndGlobalSection
	GlobalSection(ExtensibilityGlobals) = postSolution
		SolutionGuid = {5C51CFBB-4E55-4C11-B104-DBD798C41773}
	EndGlobalSection
EndGlobal
